
Microsoft Visual Studio Solution File, Format Version 12.00
# Visual Studio Version 16
VisualStudioVersion = 16.0.31605.320
MinimumVisualStudioVersion = 10.0.40219.1
Project("{FAE04EC0-301F-11D3-BF4B-00C04F79EFBC}") = "projekt", "projekt\projekt.csproj", "{1DCD74EF-6648-42DE-AA8C-9F611ADE5008}"
EndProject
Global
	GlobalSection(SolutionConfigurationPlatforms) = preSolution
		Debug|Any CPU = Debug|Any CPU
		Release|Any CPU = Release|Any CPU
	EndGlobalSection
	GlobalSection(ProjectConfigurationPlatforms) = postSolution
		{1DCD74EF-6648-42DE-AA8C-9F611ADE5008}.Debug|Any CPU.ActiveCfg = Debug|Any CPU
		{1DCD74EF-6648-42DE-AA8C-9F611ADE5008}.Debug|Any CPU.Build.0 = Debug|Any CPU
		{1DCD74EF-6648-42DE-AA8C-9F611ADE5008}.Release|Any CPU.ActiveCfg = Release|Any CPU
		{1DCD74EF-6648-42DE-AA8C-9F611ADE5008}.Release|Any CPU.Build.0 = Release|Any CPU
	EndGlobalSection
	GlobalSection(SolutionProperties) = preSolution
		HideSolutionNode = FALSE
	EndGlobalSection
	GlobalSection(ExtensibilityGlobals) = postSolution
		SolutionGuid = {D96EF932-23E7-4899-9C89-3549C1BCFFA3}
	EndGlobalSection
EndGlobal
